
Microsoft Visual Studio Solution File, Format Version 12.00
# Visual Studio Version 16
VisualStudioVersion = 16.0.810.6
MinimumVisualStudioVersion = 10.0.40219.1
Project("{FAE04EC0-301F-11D3-BF4B-00C04F79EFBC}") = "OKR-University", "OKR-University\OKR-University.csproj", "{15F4670D-E93B-41DB-A37C-D4DA1170FBE7}"
EndProject
Global
	GlobalSection(SolutionConfigurationPlatforms) = preSolution
		Debug|Any CPU = Debug|Any CPU
		Release|Any CPU = Release|Any CPU
	EndGlobalSection
	GlobalSection(ProjectConfigurationPlatforms) = postSolution
		{15F4670D-E93B-41DB-A37C-D4DA1170FBE7}.Debug|Any CPU.ActiveCfg = Debug|Any CPU
		{15F4670D-E93B-41DB-A37C-D4DA1170FBE7}.Debug|Any CPU.Build.0 = Debug|Any CPU
		{15F4670D-E93B-41DB-A37C-D4DA1170FBE7}.Release|Any CPU.ActiveCfg = Release|Any CPU
		{15F4670D-E93B-41DB-A37C-D4DA1170FBE7}.Release|Any CPU.Build.0 = Release|Any CPU
	EndGlobalSection
	GlobalSection(SolutionProperties) = preSolution
		HideSolutionNode = FALSE
	EndGlobalSection
	GlobalSection(ExtensibilityGlobals) = postSolution
		SolutionGuid = {AD933A8F-D578-43D0-B56F-49E41E76477F}
	EndGlobalSection
EndGlobal
